
Microsoft Visual Studio Solution File, Format Version 12.00
# Visual Studio Version 17
VisualStudioVersion = 17.7.34024.191
MinimumVisualStudioVersion = 10.0.40219.1
Project("{FAE04EC0-301F-11D3-BF4B-00C04F79EFBC}") = "CinemaWorld", "CinemaWorld\CinemaWorld.csproj", "{7F82C653-6393-4B9D-93AB-DF030EDE216C}"
EndProject
Global
	GlobalSection(SolutionConfigurationPlatforms) = preSolution
		Debug|Any CPU = Debug|Any CPU
		Release|Any CPU = Release|Any CPU
	EndGlobalSection
	GlobalSection(ProjectConfigurationPlatforms) = postSolution
		{7F82C653-6393-4B9D-93AB-DF030EDE216C}.Debug|Any CPU.ActiveCfg = Debug|Any CPU
		{7F82C653-6393-4B9D-93AB-DF030EDE216C}.Debug|Any CPU.Build.0 = Debug|Any CPU
		{7F82C653-6393-4B9D-93AB-DF030EDE216C}.Release|Any CPU.ActiveCfg = Release|Any CPU
		{7F82C653-6393-4B9D-93AB-DF030EDE216C}.Release|Any CPU.Build.0 = Release|Any CPU
	EndGlobalSection
	GlobalSection(SolutionProperties) = preSolution
		HideSolutionNode = FALSE
	EndGlobalSection
	GlobalSection(ExtensibilityGlobals) = postSolution
		SolutionGuid = {63B76BBC-027D-4165-BFCC-3D1FDCB7AA3B}
	EndGlobalSection
EndGlobal
